
Microsoft Visual Studio Solution File, Format Version 12.00
# Visual Studio Version 16
VisualStudioVersion = 16.0.33130.400
MinimumVisualStudioVersion = 10.0.40219.1
Project("{FAE04EC0-301F-11D3-BF4B-00C04F79EFBC}") = "ConsoleMenu", "ConsoleMenu\ConsoleMenu.csproj", "{2E4382F7-6680-4E62-BDD1-FA3694B9938A}"
EndProject
Global
	GlobalSection(SolutionConfigurationPlatforms) = preSolution
		Debug|Any CPU = Debug|Any CPU
		Release|Any CPU = Release|Any CPU
	EndGlobalSection
	GlobalSection(ProjectConfigurationPlatforms) = postSolution
		{2E4382F7-6680-4E62-BDD1-FA3694B9938A}.Debug|Any CPU.ActiveCfg = Debug|Any CPU
		{2E4382F7-6680-4E62-BDD1-FA3694B9938A}.Debug|Any CPU.Build.0 = Debug|Any CPU
		{2E4382F7-6680-4E62-BDD1-FA3694B9938A}.Release|Any CPU.ActiveCfg = Release|Any CPU
		{2E4382F7-6680-4E62-BDD1-FA3694B9938A}.Release|Any CPU.Build.0 = Release|Any CPU
	EndGlobalSection
	GlobalSection(SolutionProperties) = preSolution
		HideSolutionNode = FALSE
	EndGlobalSection
	GlobalSection(ExtensibilityGlobals) = postSolution
		SolutionGuid = {7607FD95-E29A-4BC9-9A56-B8841D68E35A}
	EndGlobalSection
EndGlobal
